
Microsoft Visual Studio Solution File, Format Version 12.00
# Visual Studio Version 16
VisualStudioVersion = 16.0.29519.181
MinimumVisualStudioVersion = 10.0.40219.1
Project("{2150E333-8FDC-42A3-9474-1A3956D46DE8}") = "src", "src", "{D1A5C6F0-B1BD-4F28-B1BA-1875E55A6C49}"
EndProject
Project("{2150E333-8FDC-42A3-9474-1A3956D46DE8}") = "Services", "Services", "{88A077C1-C08B-4057-A93A-7A2E81495E5B}"
EndProject
Project("{2150E333-8FDC-42A3-9474-1A3956D46DE8}") = "CoinAPI", "CoinAPI", "{10FE09F4-7BE0-49B6-9AEE-84F79C7F6E7C}"
EndProject
Project("{2150E333-8FDC-42A3-9474-1A3956D46DE8}") = "tests", "tests", "{E412CF69-FE2D-435B-BA64-E6A15C42FE8B}"
EndProject
Project("{9A19103F-16F7-4668-BE54-9A1E7A4F7556}") = "CoinAPI.Consumer.Tests", "src\Services\CoinAPI\tests\CoinAPI.Consumer.Tests\CoinAPI.Consumer.Tests.csproj", "{7104B411-CFA2-4771-B282-08AE3AD18E93}"
EndProject
Project("{9A19103F-16F7-4668-BE54-9A1E7A4F7556}") = "CoinAPI.Consumer", "src\Services\CoinAPI\CoinAPI.Consumer\CoinAPI.Consumer.csproj", "{B3769A3D-7C1C-4CCA-B96A-89D457511D01}"
EndProject
Global
	GlobalSection(SolutionConfigurationPlatforms) = preSolution
		Debug|Any CPU = Debug|Any CPU
		Release|Any CPU = Release|Any CPU
	EndGlobalSection
	GlobalSection(ProjectConfigurationPlatforms) = postSolution
		{7104B411-CFA2-4771-B282-08AE3AD18E93}.Debug|Any CPU.ActiveCfg = Debug|Any CPU
		{7104B411-CFA2-4771-B282-08AE3AD18E93}.Debug|Any CPU.Build.0 = Debug|Any CPU
		{7104B411-CFA2-4771-B282-08AE3AD18E93}.Release|Any CPU.ActiveCfg = Release|Any CPU
		{7104B411-CFA2-4771-B282-08AE3AD18E93}.Release|Any CPU.Build.0 = Release|Any CPU
		{B3769A3D-7C1C-4CCA-B96A-89D457511D01}.Debug|Any CPU.ActiveCfg = Debug|Any CPU
		{B3769A3D-7C1C-4CCA-B96A-89D457511D01}.Debug|Any CPU.Build.0 = Debug|Any CPU
		{B3769A3D-7C1C-4CCA-B96A-89D457511D01}.Release|Any CPU.ActiveCfg = Release|Any CPU
		{B3769A3D-7C1C-4CCA-B96A-89D457511D01}.Release|Any CPU.Build.0 = Release|Any CPU
	EndGlobalSection
	GlobalSection(SolutionProperties) = preSolution
		HideSolutionNode = FALSE
	EndGlobalSection
	GlobalSection(NestedProjects) = preSolution
		{88A077C1-C08B-4057-A93A-7A2E81495E5B} = {D1A5C6F0-B1BD-4F28-B1BA-1875E55A6C49}
		{10FE09F4-7BE0-49B6-9AEE-84F79C7F6E7C} = {88A077C1-C08B-4057-A93A-7A2E81495E5B}
		{E412CF69-FE2D-435B-BA64-E6A15C42FE8B} = {10FE09F4-7BE0-49B6-9AEE-84F79C7F6E7C}
		{7104B411-CFA2-4771-B282-08AE3AD18E93} = {E412CF69-FE2D-435B-BA64-E6A15C42FE8B}
		{B3769A3D-7C1C-4CCA-B96A-89D457511D01} = {10FE09F4-7BE0-49B6-9AEE-84F79C7F6E7C}
	EndGlobalSection
	GlobalSection(ExtensibilityGlobals) = postSolution
		SolutionGuid = {25E16767-3213-4A37-B6C4-D34D32CF6A50}
	EndGlobalSection
EndGlobal
