
Microsoft Visual Studio Solution File, Format Version 12.00
# Visual Studio Version 16
VisualStudioVersion = 16.0.29519.181
MinimumVisualStudioVersion = 10.0.40219.1
Project("{9A19103F-16F7-4668-BE54-9A1E7A4F7556}") = "CoinAPI.Consumer", "Services\CoinAPI\CoinAPI.Consumer.csproj", "{B3769A3D-7C1C-4CCA-B96A-89D457511D01}"
EndProject
Project("{2150E333-8FDC-42A3-9474-1A3956D46DE8}") = "Services", "Services", "{CD04640E-EFFC-4CBD-97DB-98E281C8480E}"
EndProject
Project("{2150E333-8FDC-42A3-9474-1A3956D46DE8}") = "CoinAPI", "CoinAPI", "{50EB7DA8-A2BD-46E9-A80F-6AE4E9805D76}"
EndProject
Project("{2150E333-8FDC-42A3-9474-1A3956D46DE8}") = "CoinApi.Tests", "CoinApi.Tests", "{BDACD322-4A10-46B4-8063-1566867D47B4}"
EndProject
Project("{FAE04EC0-301F-11D3-BF4B-00C04F79EFBC}") = "CoinAPI.Consumer.UnitTests", "CoinAPI.Consumer.UnitTests\CoinAPI.Consumer.UnitTests.csproj", "{5A7E1ACA-59DC-4583-B621-ED540DDA47A0}"
EndProject
Global
	GlobalSection(SolutionConfigurationPlatforms) = preSolution
		Debug|Any CPU = Debug|Any CPU
		Release|Any CPU = Release|Any CPU
	EndGlobalSection
	GlobalSection(ProjectConfigurationPlatforms) = postSolution
		{B3769A3D-7C1C-4CCA-B96A-89D457511D01}.Debug|Any CPU.ActiveCfg = Debug|Any CPU
		{B3769A3D-7C1C-4CCA-B96A-89D457511D01}.Debug|Any CPU.Build.0 = Debug|Any CPU
		{B3769A3D-7C1C-4CCA-B96A-89D457511D01}.Release|Any CPU.ActiveCfg = Release|Any CPU
		{B3769A3D-7C1C-4CCA-B96A-89D457511D01}.Release|Any CPU.Build.0 = Release|Any CPU
		{5A7E1ACA-59DC-4583-B621-ED540DDA47A0}.Debug|Any CPU.ActiveCfg = Debug|Any CPU
		{5A7E1ACA-59DC-4583-B621-ED540DDA47A0}.Debug|Any CPU.Build.0 = Debug|Any CPU
		{5A7E1ACA-59DC-4583-B621-ED540DDA47A0}.Release|Any CPU.ActiveCfg = Release|Any CPU
		{5A7E1ACA-59DC-4583-B621-ED540DDA47A0}.Release|Any CPU.Build.0 = Release|Any CPU
	EndGlobalSection
	GlobalSection(SolutionProperties) = preSolution
		HideSolutionNode = FALSE
	EndGlobalSection
	GlobalSection(NestedProjects) = preSolution
		{B3769A3D-7C1C-4CCA-B96A-89D457511D01} = {50EB7DA8-A2BD-46E9-A80F-6AE4E9805D76}
		{50EB7DA8-A2BD-46E9-A80F-6AE4E9805D76} = {CD04640E-EFFC-4CBD-97DB-98E281C8480E}
		{BDACD322-4A10-46B4-8063-1566867D47B4} = {50EB7DA8-A2BD-46E9-A80F-6AE4E9805D76}
		{5A7E1ACA-59DC-4583-B621-ED540DDA47A0} = {BDACD322-4A10-46B4-8063-1566867D47B4}
	EndGlobalSection
	GlobalSection(ExtensibilityGlobals) = postSolution
		SolutionGuid = {25E16767-3213-4A37-B6C4-D34D32CF6A50}
	EndGlobalSection
EndGlobal
